<?xml version="1.0" encoding="utf-8"?>
<Project ToolsVersion="4.0" xmlns="http://schemas.microsoft.com/developer/msbuild/2003">
  <ItemGroup>
    <Filter Include="Source Files">
      <UniqueIdentifier>{4FC737F1-C7A5-4376-A066-2A32D752A2FF}</UniqueIdentifier>
      <Extensions>cpp;c;cc;cxx;c++;cppm;ixx;def;odl;idl;hpj;bat;asm;asmx</Extensions>
    </Filter>
    <Filter Include="Header Files">
      <UniqueIdentifier>{93995380-89BD-4b04-88EB-625FBE52EBFB}</UniqueIdentifier>
      <Extensions>h;hh;hpp;hxx;h++;hm;inl;inc;ipp;xsd</Extensions>
    </Filter>
    <Filter Include="Header Files\Utils">
      <UniqueIdentifier>{ee9c4c4c-f9a2-4811-83f2-bbf2e9fa5b6d}</UniqueIdentifier>
    </Filter>
    <Filter Include="Header Files\Patterns">
      <UniqueIdentifier>{b4081adb-aa99-4a7b-a9df-e8ceb9c26276}</UniqueIdentifier>
    </Filter>
    <Filter Include="Source Files\Utils">
      <UniqueIdentifier>{b8bc2088-65fa-4c0f-a321-cf236aac8b20}</UniqueIdentifier>
    </Filter>
    <Filter Include="Source Files\Patterns">
      <UniqueIdentifier>{2c8b13aa-6c4a-49b8-b7b9-23ce7bd7806b}</UniqueIdentifier>
    </Filter>
    <Filter Include="To delete">
      <UniqueIdentifier>{37248484-5dc3-4f44-ab2b-6f47864aad7f}</UniqueIdentifier>
    </Filter>
  </ItemGroup>
  <ItemGroup>
    <ClInclude Include="Portfolio.h">
      <Filter>Header Files</Filter>
    </ClInclude>
    <ClInclude Include="FinProduct.h">
      <Filter>Header Files</Filter>
    </ClInclude>
    <ClInclude Include="Balance.h">
      <Filter>Header Files</Filter>
    </ClInclude>
    <ClInclude Include="Currency.h">
      <Filter>Header Files</Filter>
    </ClInclude>
    <ClInclude Include="ReportParser.h">
      <Filter>Header Files</Filter>
    </ClInclude>
    <ClInclude Include="DegiroReportParser.h">
      <Filter>Header Files</Filter>
    </ClInclude>
    <ClInclude Include="Weight.h">
      <Filter>Header Files</Filter>
    </ClInclude>
    <ClInclude Include="Tradeset.h">
      <Filter>Header Files</Filter>
    </ClInclude>
    <ClInclude Include="Assertions.h">
      <Filter>Header Files\Utils</Filter>
    </ClInclude>
    <ClInclude Include="Environment.h">
      <Filter>Header Files\Utils</Filter>
    </ClInclude>
    <ClInclude Include="Errors.h">
      <Filter>Header Files\Utils</Filter>
    </ClInclude>
    <ClInclude Include="LazyObject.h">
      <Filter>Header Files\Patterns</Filter>
    </ClInclude>
    <ClInclude Include="Logger.h">
      <Filter>Header Files\Utils</Filter>
    </ClInclude>
    <ClInclude Include="Null.h">
      <Filter>Header Files\Utils</Filter>
    </ClInclude>
    <ClInclude Include="Observable.h">
      <Filter>Header Files\Patterns</Filter>
    </ClInclude>
    <ClInclude Include="Singleton.h">
      <Filter>Header Files\Patterns</Filter>
    </ClInclude>
  </ItemGroup>
  <ItemGroup>
    <ClCompile Include="FinProduct.cpp">
      <Filter>Source Files</Filter>
    </ClCompile>
    <ClCompile Include="Portfolio.cpp">
      <Filter>Source Files</Filter>
    </ClCompile>
    <ClCompile Include="ReportParser.cpp">
      <Filter>Source Files</Filter>
    </ClCompile>
    <ClCompile Include="DegiroReportParser.cpp">
      <Filter>Source Files</Filter>
    </ClCompile>
    <ClCompile Include="Balance.cpp">
      <Filter>Source Files</Filter>
    </ClCompile>
    <ClCompile Include="Weight.cpp">
      <Filter>Source Files</Filter>
    </ClCompile>
    <ClCompile Include="Tradeset.cpp">
      <Filter>Source Files</Filter>
    </ClCompile>
    <ClCompile Include="Errors.cpp">
      <Filter>Source Files\Utils</Filter>
    </ClCompile>
    <ClCompile Include="Logger.cpp">
      <Filter>Source Files\Utils</Filter>
    </ClCompile>
    <ClCompile Include="Main.cpp">
      <Filter>To delete</Filter>
    </ClCompile>
    <ClCompile Include="Observable.cpp">
      <Filter>Source Files\Patterns</Filter>
    </ClCompile>
  </ItemGroup>
</Project>